{
  "lockfileVersion": 1,
  "configVersion": 1,
  "workspaces": {
    "": {
      "name": "@absolutejs/vulnerabilities-modules",
      "dependencies": {
        "@absolutejs/vulnerabilities-postgres": "^0.9.4",
      },
      "devDependencies": {
        "@absolutejs/attest": "0.1.3",
        "prettier": "3.8.1",
      },
    },
    "report": {
      "name": "@absolutejs/vulnerabilities-report",
      "version": "0.1.3",
      "dependencies": {
        "@absolutejs/manifest": "0.7.2",
        "@sinclair/typebox": "0.34.52",
      },
      "devDependencies": {
        "@absolutejs/vulnerabilities": "0.15.0",
        "@types/bun": "1.3.14",
        "prettier": "3.8.1",
        "typescript": "5.9.3",
      },
      "peerDependencies": {
        "@absolutejs/vulnerabilities": ">=0.14.0 <0.16",
      },
    },
    "witness": {
      "name": "@absolutejs/vulnerabilities-witness",
      "version": "0.7.9",
      "bin": {
        "absolute-vulnerability-witness": "dist/server.js",
        "absolute-vulnerability-witness-backup": "dist/backupCli.js",
      },
      "dependencies": {
        "@absolutejs/manifest": "0.7.2",
        "@absolutejs/secrets": "^0.9.7",
        "@absolutejs/vulnerabilities": "0.15.0",
        "@sinclair/typebox": "0.34.52",
      },
      "devDependencies": {
        "@absolutejs/agency": "0.7.3",
        "@types/bun": "1.3.14",
        "prettier": "3.8.1",
        "typescript": "5.9.3",
      },
    },
    "worker": {
      "name": "@absolutejs/vulnerabilities-worker",
      "version": "0.2.7",
      "dependencies": {
        "@absolutejs/manifest": "0.7.2",
        "@absolutejs/queue": "0.7.2",
        "@absolutejs/vulnerabilities-epss": "0.1.7",
        "@absolutejs/vulnerabilities-kev": "0.1.7",
        "@absolutejs/vulnerabilities-osv": "0.1.9",
        "@absolutejs/vulnerabilities-ubuntu": "0.1.6",
        "@sinclair/typebox": "0.34.52",
      },
      "devDependencies": {
        "@absolutejs/vulnerabilities": "0.15.0",
        "@absolutejs/vulnerabilities-postgres": "0.9.4",
        "@types/bun": "1.3.14",
        "prettier": "3.8.1",
        "typescript": "5.9.3",
      },
      "peerDependencies": {
        "@absolutejs/vulnerabilities": ">=0.14.0 <0.16",
        "@absolutejs/vulnerabilities-postgres": ">=0.9.1 <0.10",
      },
    },
  },
  "packages": {
    "@absolutejs/agency": ["@absolutejs/agency@0.7.3", "", { "dependencies": { "@absolutejs/manifest": "^0.7.2", "@sinclair/typebox": "^0.34.0" }, "peerDependencies": { "drizzle-orm": ">=1.0.0-rc.4 <2" } }, "sha512-htWVOVl/vmgDCMT2qwYZOnDUSatoReiLkuQ/D1n6p7Co6h/bW+Wg4VB9xO8yqTBBTPnNpJhQUn2fQD7WlsTSNw=="],

    "@absolutejs/attest": ["@absolutejs/attest@0.1.3", "", { "dependencies": { "@absolutejs/manifest": "^0.8.0", "@sinclair/typebox": "^0.34.0" }, "bin": { "absolute-attest": "dist/cli.js" } }, "sha512-1UKr30s2IkUKSmTEwAle3O2/RLJ71h8n84cXtMjXLKE/NlWKECRjJTWcofnWx+8mQZXPEFeRjZFf/PO9HBDnCw=="],

    "@absolutejs/handoff": ["@absolutejs/handoff@0.1.0", "", { "dependencies": { "@absolutejs/manifest": "0.7.2", "@sinclair/typebox": "0.34.52" } }, "sha512-P9Wr2oyYBcj7mriCV4h9zRlLGijee/7DW8USVkl/m4ovql7zpITy547jy6j8+HC5v5Ocs+TVcMYmrROEEBupNg=="],

    "@absolutejs/manifest": ["@absolutejs/manifest@0.7.2", "", { "peerDependencies": { "@sinclair/typebox": ">=0.34.0 <0.35.0" }, "bin": { "absolute-manifest": "dist/cli.js" } }, "sha512-NSVzC4yHbH+n+WCNdWYrpbc+3k5rOfO4X85Ku9VCP8teRaa2VEibp29Cyvg9rQARUGaQjGGTz+l+APqM0+odxg=="],

    "@absolutejs/queue": ["@absolutejs/queue@0.7.2", "", { "dependencies": { "@absolutejs/manifest": "^0.7.2", "@absolutejs/telemetry": "^0.3.0", "@sinclair/typebox": "^0.34.0" }, "peerDependencies": { "elysia": ">=1.4.29 <2" } }, "sha512-tNj5jigjiUcGWd9V4R3Ji2WrFJUaBol5HRssUvtXDGgxKgMYnKxRxs4EeMltRqV9iXP8YBxcSpKaYAlJc7j8Iw=="],

    "@absolutejs/secrets": ["@absolutejs/secrets@0.9.7", "", { "dependencies": { "@absolutejs/manifest": "^0.7.2", "@absolutejs/telemetry": "^0.3.0", "@sinclair/typebox": "^0.34.0" }, "peerDependencies": { "@absolutejs/agency": ">=0.7.1 <0.8.0" } }, "sha512-GDkoRyKh+XoMZ9ZmIt4cIY2U2MVKN92kOmSmZJrC6EE5+9f3jWjCzS9M4xREWf/Ox49AqlDw73jZgDyadweEvw=="],

    "@absolutejs/telemetry": ["@absolutejs/telemetry@0.3.1", "", { "dependencies": { "@absolutejs/handoff": "0.1.0" }, "peerDependencies": { "drizzle-orm": ">=1.0.0-rc.4 <2" }, "optionalPeers": ["drizzle-orm"] }, "sha512-Apd/FfS1BbDyeMDwoWsSx8ql5MeLjLY7MQn0yAHz1T1wxqpnQgFTdYKbvqcfAJ6/hpQLTHw4EY/QkihwtQuPjQ=="],

    "@absolutejs/vulnerabilities": ["@absolutejs/vulnerabilities@0.15.0", "", { "dependencies": { "@absolutejs/manifest": "0.7.2", "@renovatebot/pep440": "5.0.0", "@sinclair/typebox": "0.34.52", "packageurl-js": "2.0.1", "semver": "7.8.5" }, "bin": { "absolute-vulnerability-evidence": "dist/evidence-cli.js" } }, "sha512-8Y2Y/jjqQqCBtza2wb2dtsHhyPk8wG7u8RvNr6mKGqziNfVRpIG4ejdKhSg9Qadbkp3L2tl+jeOM5XMt3n4D0A=="],

    "@absolutejs/vulnerabilities-epss": ["@absolutejs/vulnerabilities-epss@0.1.7", "", { "dependencies": { "@absolutejs/manifest": "0.7.2", "@sinclair/typebox": "0.34.52" }, "peerDependencies": { "@absolutejs/vulnerabilities": ">=0.14.0 <0.16" } }, "sha512-MHet1Rry6MykyNH+wb3yNINIK0r0RelTF6Jk0davalvL4W8X+T0xpPl+bm6YtHgIWgdeECkMOeKCBU/kt8Ew4Q=="],

    "@absolutejs/vulnerabilities-kev": ["@absolutejs/vulnerabilities-kev@0.1.7", "", { "dependencies": { "@absolutejs/manifest": "0.7.2", "@sinclair/typebox": "0.34.52" }, "peerDependencies": { "@absolutejs/vulnerabilities": ">=0.14.0 <0.16" } }, "sha512-+CVVOtTNl4bvYGkPRBGqG9CznyiMt+YUTVbmqhR5jyQgawRvGIgOq/ZMNyHrtvc9OuJ6wcoAkD068XxCHMDlWA=="],

    "@absolutejs/vulnerabilities-osv": ["@absolutejs/vulnerabilities-osv@0.1.9", "", { "dependencies": { "@absolutejs/manifest": "0.7.2", "@sinclair/typebox": "0.34.52" }, "peerDependencies": { "@absolutejs/vulnerabilities": ">=0.14.0 <0.16" } }, "sha512-QG0/i5hViyrkUPP7YqUwotnFu5gAlsQ3JtnOVTzfNlB0SdxxBumr9dn7VlAtbyK8z4xAipGjUTiAx5Ota5/wkA=="],

    "@absolutejs/vulnerabilities-postgres": ["@absolutejs/vulnerabilities-postgres@0.9.4", "", { "dependencies": { "@absolutejs/manifest": "0.7.2", "@sinclair/typebox": "0.34.52" }, "peerDependencies": { "@absolutejs/vulnerabilities": ">=0.14.0 <0.16", "drizzle-orm": ">=1.0.0-rc.4 <2" } }, "sha512-pKQs6pGhPzIN9p/dh2XOtNyK/4xtZqrKp1bIe9iA2A9muYMU1Ni36nc6ZekVolh9GL/et+6L2o2sTzXG29Ku+g=="],

    "@absolutejs/vulnerabilities-report": ["@absolutejs/vulnerabilities-report@workspace:report"],

    "@absolutejs/vulnerabilities-ubuntu": ["@absolutejs/vulnerabilities-ubuntu@0.1.6", "", { "dependencies": { "@absolutejs/manifest": "0.7.2", "@sinclair/typebox": "0.34.52" }, "peerDependencies": { "@absolutejs/vulnerabilities": ">=0.14.0 <0.16", "@absolutejs/vulnerabilities-osv": ">=0.1.8 <0.2.0" } }, "sha512-ch3kTaCTkwsBHiHeKop3sLmaSxPSf5ORi8tsrvxPsUR/xh0gF7p5tGy3C4hM5LhFrKOnVdMOZB+f6ldjLcVp5A=="],

    "@absolutejs/vulnerabilities-witness": ["@absolutejs/vulnerabilities-witness@workspace:witness"],

    "@absolutejs/vulnerabilities-worker": ["@absolutejs/vulnerabilities-worker@workspace:worker"],

    "@borewit/text-codec": ["@borewit/text-codec@0.2.2", "", {}, "sha512-DDaRehssg1aNrH4+2hnj1B7vnUGEjU6OIlyRdkMd0aUdIUvKXrJfXsy8LVtXAy7DRvYVluWbMspsRhz2lcW0mQ=="],

    "@renovatebot/pep440": ["@renovatebot/pep440@5.0.0", "", {}, "sha512-91cFM32/pnOAvC7W1W1kPPI9QM2y6OrYCeomz7pop4A+3Ksh2XnZXGznUMlzR7YbOQlg7X/MNlF27s9Yt9hhTA=="],

    "@sinclair/typebox": ["@sinclair/typebox@0.34.52", "", {}, "sha512-XiMQh7qqVlxZzcVD+kkGMNGMzcTrDMLWI7S4x7z1MkCkbDPrekpZXEUK0eZqZFMuHQg2a2DZOcDIh9o5v3Gonw=="],

    "@tokenizer/inflate": ["@tokenizer/inflate@0.4.1", "", { "dependencies": { "debug": "^4.4.3", "token-types": "^6.1.1" } }, "sha512-2mAv+8pkG6GIZiF1kNg1jAjh27IDxEPKwdGul3snfztFerfPGI1LjDezZp3i7BElXompqEtPmoPx6c2wgtWsOA=="],

    "@tokenizer/token": ["@tokenizer/token@0.3.0", "", {}, "sha512-OvjF+z51L3ov0OyAU0duzsYuvO01PH7x4t6DJx+guahgTnBHkhJdG7soQeTSFLWN3efnHyibZ4Z8l2EuWwJN3A=="],

    "@types/bun": ["@types/bun@1.3.14", "", { "dependencies": { "bun-types": "1.3.14" } }, "sha512-h1hFqFVcvAvD9j9K7ZW7vd82aSA+rTdznZa+5bwvCwqSB1jmmfLcbIWhOLx1/+boy/xmjgCs/OMUL8hRJSmnPw=="],

    "@types/node": ["@types/node@26.1.2", "", { "dependencies": { "undici-types": "~8.3.0" } }, "sha512-Vu4a5UFA9rIIFJ7rB/Vaafh9lrCQszopTCx6KjFboXTGQbPNasehVR5TEiithSDGyd1DEiUByggTZsg8jukeIg=="],

    "bun-types": ["bun-types@1.3.14", "", { "dependencies": { "@types/node": "*" } }, "sha512-4N0ig0fEomHt5R0KCFWjovxow98rIoRwKolrYdCcknNwMekCXRnWEUvgu5soYV8QXtVsrUD8B95MBOZGPvr6KQ=="],

    "cookie": ["cookie@1.1.1", "", {}, "sha512-ei8Aos7ja0weRpFzJnEA9UHJ/7XQmqglbRwnf2ATjcB9Wq874VKH9kfjjirM6UhU2/E5fFYadylyhFldcqSidQ=="],

    "debug": ["debug@4.4.3", "", { "dependencies": { "ms": "^2.1.3" }, "peerDependencies": { "supports-color": "*" }, "optionalPeers": ["supports-color"] }, "sha512-RGwwWnwQvkVfavKVt22FGLw+xYSdzARwm0ru6DhTVA3umU5hZc28V3kO4stgYryrTlLpuvgI9GiijltAjNbcqA=="],

    "drizzle-orm": ["drizzle-orm@1.0.0-rc.4-de6c356", "", { "peerDependencies": { "@aws-sdk/client-rds-data": ">=3", "@cloudflare/workers-types": ">=4", "@effect/sql-d1": ">=4.0.0-beta.83 || >=4.0.0", "@effect/sql-libsql": ">=4.0.0-beta.83 || >=4.0.0", "@effect/sql-mysql2": ">=4.0.0-beta.83 || >=4.0.0", "@effect/sql-pg": ">=4.0.0-beta.83 || >=4.0.0", "@effect/sql-pglite": ">=4.0.0-beta.83 || >=4.0.0", "@effect/sql-sqlite-bun": ">=4.0.0-beta.83 || >=4.0.0", "@effect/sql-sqlite-do": ">=4.0.0-beta.83 || >=4.0.0", "@effect/sql-sqlite-node": ">=4.0.0-beta.83 || >=4.0.0", "@effect/sql-sqlite-wasm": ">=4.0.0-beta.83 || >=4.0.0", "@electric-sql/pglite": ">=0.2.0", "@libsql/client": ">=0.10.0", "@libsql/client-wasm": ">=0.10.0", "@neondatabase/serverless": ">=0.10.0", "@op-engineering/op-sqlite": ">=2", "@opentelemetry/api": "^1.4.1", "@planetscale/database": ">=1.13", "@sinclair/typebox": ">=0.34.8", "@sqlitecloud/drivers": ">=1.0.653", "@tidbcloud/serverless": "*", "@tursodatabase/database": ">=0.6.0-pre.28 || >=0.6.0", "@tursodatabase/database-common": ">=0.6.0-pre.28 || >=0.6.0", "@tursodatabase/database-wasm": ">=0.6.0-pre.28 || >=0.6.0", "@tursodatabase/serverless": ">=1.1.3", "@tursodatabase/sync": ">=0.6.0-pre.28 || >=0.6.0", "@types/better-sqlite3": "*", "@types/mssql": "^9.1.4", "@types/pg": "*", "@types/sql.js": "*", "@upstash/redis": ">=1.34.7", "@vercel/postgres": ">=0.8.0", "@xata.io/client": "*", "arktype": ">=2.0.0", "better-sqlite3": ">=9.3.0", "bun-types": "*", "effect": ">=4.0.0-beta.83 || >=4.0.0", "expo-sqlite": ">=14.0.0", "minipg": ">=0.1.0", "mssql": "^11.0.1", "mysql2": ">=2", "pg": ">=8", "postgres": ">=3", "sql.js": ">=1", "sqlite3": ">=5", "typebox": ">=1.0.0", "valibot": ">=1.0.0-beta.7", "zod": "^3.25.0 || ^4.0.0" }, "optionalPeers": ["@aws-sdk/client-rds-data", "@cloudflare/workers-types", "@effect/sql-d1", "@effect/sql-libsql", "@effect/sql-mysql2", "@effect/sql-pg", "@effect/sql-pglite", "@effect/sql-sqlite-bun", "@effect/sql-sqlite-do", "@effect/sql-sqlite-node", "@effect/sql-sqlite-wasm", "@electric-sql/pglite", "@libsql/client", "@libsql/client-wasm", "@neondatabase/serverless", "@op-engineering/op-sqlite", "@opentelemetry/api", "@planetscale/database", "@sinclair/typebox", "@sqlitecloud/drivers", "@tidbcloud/serverless", "@tursodatabase/database", "@tursodatabase/database-common", "@tursodatabase/database-wasm", "@tursodatabase/serverless", "@tursodatabase/sync", "@types/better-sqlite3", "@types/mssql", "@types/pg", "@types/sql.js", "@upstash/redis", "@vercel/postgres", "@xata.io/client", "arktype", "better-sqlite3", "bun-types", "effect", "expo-sqlite", "minipg", "mssql", "mysql2", "pg", "postgres", "sql.js", "sqlite3", "typebox", "valibot", "zod"] }, "sha512-ko2vuulph5Mub23KBFQusBhJmZ25jcwqPRfVvUN4NZy992m+zO+4WEgTnqEPYLJSKPKFoKRc1oR6G7pMj57xqg=="],

    "elysia": ["elysia@1.4.29", "", { "dependencies": { "cookie": "^1.1.1", "exact-mirror": "^0.2.7", "fast-decode-uri-component": "^1.0.1", "memoirist": "^0.4.0" }, "peerDependencies": { "@sinclair/typebox": ">= 0.34.0 < 1", "@types/bun": ">= 1.2.0", "file-type": ">= 20.0.0", "openapi-types": ">= 12.0.0", "typescript": ">= 5.0.0" }, "optionalPeers": ["@types/bun", "typescript"] }, "sha512-GwMRGGwSdjfPt+w3LA0fqTuYJtS8uVRJicvoar98/HrO5qdFKDc9CwjIb6Kja+v39lkY+58hr2JvdR9jQzlUuA=="],

    "exact-mirror": ["exact-mirror@0.2.7", "", { "peerDependencies": { "@sinclair/typebox": "^0.34.15" }, "optionalPeers": ["@sinclair/typebox"] }, "sha512-+MeEmDcLA4o/vjK2zujgk+1VTxPR4hdp23qLqkWfStbECtAq9gmsvQa3LW6z/0GXZyHJobrCnmy1cdeE7BjsYg=="],

    "fast-decode-uri-component": ["fast-decode-uri-component@1.0.1", "", {}, "sha512-WKgKWg5eUxvRZGwW8FvfbaH7AXSh2cL+3j5fMGzUMCxWBJ3dV3a7Wz8y2f/uQ0e3B6WmodD3oS54jTQ9HVTIIg=="],

    "file-type": ["file-type@22.0.1", "", { "dependencies": { "@tokenizer/inflate": "^0.4.1", "strtok3": "^10.3.5", "token-types": "^6.1.2", "uint8array-extras": "^1.5.0" } }, "sha512-ww5Mhre0EE+jmBvOXTmXAbEMuZE7uX4a3+oRCQFNj8w++g3ev913N6tXQz0XTXbueQ5TWQfm6BdaViEHHn8bhA=="],

    "ieee754": ["ieee754@1.2.1", "", {}, "sha512-dcyqhDvX1C46lXZcVqCpK+FtMRQVdIMN6/Df5js2zouUsqG7I6sFxitIC+7KYK29KdXOLHdu9zL4sFnoVQnqaA=="],

    "memoirist": ["memoirist@0.4.0", "", {}, "sha512-zxTgA0mSYELa66DimuNQDvyLq36AwDlTuVRbnQtB+VuTcKWm5Qc4z3WkSpgsFWHNhexqkIooqpv4hdcqrX5Nmg=="],

    "ms": ["ms@2.1.3", "", {}, "sha512-6FlzubTLZG3J2a/NVCAleEhjzq5oxgHyaCU9yYXvcLsvoVaHJq/s5xXI6/XXP6tz7R9xAOtHnSO/tXtF3WRTlA=="],

    "openapi-types": ["openapi-types@12.1.3", "", {}, "sha512-N4YtSYJqghVu4iek2ZUvcN/0aqH1kRDuNqzcycDxhOUpg7GdvLa2F3DgS6yBNhInhv2r/6I0Flkn7CqL8+nIcw=="],

    "packageurl-js": ["packageurl-js@2.0.1", "", {}, "sha512-N5ixXjzTy4QDQH0Q9YFjqIWd6zH6936Djpl2m9QNFmDv5Fum8q8BjkpAcHNMzOFE0IwQrFhJWex3AN6kS0OSwg=="],

    "prettier": ["prettier@3.8.1", "", { "bin": { "prettier": "bin/prettier.cjs" } }, "sha512-UOnG6LftzbdaHZcKoPFtOcCKztrQ57WkHDeRD9t/PTQtmT0NHSeWWepj6pS0z/N7+08BHFDQVUrfmfMRcZwbMg=="],

    "semver": ["semver@7.8.5", "", { "bin": { "semver": "bin/semver.js" } }, "sha512-Y7/KDsb8LjooZpwaqGyulO6DQlksgCncchHGk+sZIY4SBvUocMBEFH5Ur1fI4dV+Jvl0w6cjvucaIi40puRioA=="],

    "strtok3": ["strtok3@10.3.5", "", { "dependencies": { "@tokenizer/token": "^0.3.0" } }, "sha512-ki4hZQfh5rX0QDLLkOCj+h+CVNkqmp/CMf8v8kZpkNVK6jGQooMytqzLZYUVYIZcFZ6yDB70EfD8POcFXiF5oA=="],

    "token-types": ["token-types@6.1.2", "", { "dependencies": { "@borewit/text-codec": "^0.2.1", "@tokenizer/token": "^0.3.0", "ieee754": "^1.2.1" } }, "sha512-dRXchy+C0IgK8WPC6xvCHFRIWYUbqqdEIKPaKo/AcTUNzwLTK6AH7RjdLWsEZcAN/TBdtfUw3PYEgPr5VPr6ww=="],

    "typescript": ["typescript@5.9.3", "", { "bin": { "tsc": "bin/tsc", "tsserver": "bin/tsserver" } }, "sha512-jl1vZzPDinLr9eUt3J/t7V6FgNEw9QjvBPdysz9KfQDD41fQrC2Y4vKQdiaUpFT4bXlb1RHhLpp8wtm6M5TgSw=="],

    "uint8array-extras": ["uint8array-extras@1.5.0", "", {}, "sha512-rvKSBiC5zqCCiDZ9kAOszZcDvdAHwwIKJG33Ykj43OKcWsnmcBRL09YTU4nOeHZ8Y2a7l1MgTd08SBe9A8Qj6A=="],

    "undici-types": ["undici-types@8.3.0", "", {}, "sha512-j375ScV60dom+YkPFIfTLcOiPxkN/buHz5GobjLhixFuANaNs3C9l4GmrWqejgXWJ7BbJcFYpTEUkS1Ge8bpZQ=="],

    "@absolutejs/attest/@absolutejs/manifest": ["@absolutejs/manifest@0.8.0", "", { "peerDependencies": { "@sinclair/typebox": ">=0.34.0 <0.35.0" }, "bin": { "absolute-manifest": "dist/cli.js" } }, "sha512-kV5BFe/jxXrZa2TVkmpqpIBe+6oZkfSd9GEvyHIBMXgk6k2ohlQPKLu4PSFehZE9fWC6VZMh/WvH6GVbxRsWjA=="],
  }
}
